
Microsoft Visual Studio Solution File, Format Version 12.00
# Visual Studio Version 16
VisualStudioVersion = 16.0.29215.179
MinimumVisualStudioVersion = 10.0.40219.1
Project("{FAE04EC0-301F-11D3-BF4B-00C04F79EFBC}") = "Econtact", "Econtact\Econtact.csproj", "{3120906A-3598-4867-9D58-32DF2912F4D9}"
EndProject
Global
	GlobalSection(SolutionConfigurationPlatforms) = preSolution
		Debug|Any CPU = Debug|Any CPU
		Release|Any CPU = Release|Any CPU
	EndGlobalSection
	GlobalSection(ProjectConfigurationPlatforms) = postSolution
		{3120906A-3598-4867-9D58-32DF2912F4D9}.Debug|Any CPU.ActiveCfg = Debug|Any CPU
		{3120906A-3598-4867-9D58-32DF2912F4D9}.Debug|Any CPU.Build.0 = Debug|Any CPU
		{3120906A-3598-4867-9D58-32DF2912F4D9}.Release|Any CPU.ActiveCfg = Release|Any CPU
		{3120906A-3598-4867-9D58-32DF2912F4D9}.Release|Any CPU.Build.0 = Release|Any CPU
	EndGlobalSection
	GlobalSection(SolutionProperties) = preSolution
		HideSolutionNode = FALSE
	EndGlobalSection
	GlobalSection(ExtensibilityGlobals) = postSolution
		SolutionGuid = {455B443A-0E9F-49FC-A58E-C5719ACC3534}
	EndGlobalSection
EndGlobal
